<Solution>
  <Project Path="AStar.Dev.FunctionalParadigm.Tests.Unit/AStar.Dev.FunctionalParadigm.Tests.Unit.csproj" />
  <Project Path="AStar.Dev.FunctionalParadigm/AStar.Dev.FunctionalParadigm.csproj" />
  <Project Path="AStar.Dev.Infrastructure.AppDb/AStar.Dev.Infrastructure.AppDb.csproj" />
  <Project Path="AStar.Dev.Source.Generators.Attributes.Tests.Unit/AStar.Dev.Source.Generators.Attributes.Tests.Unit.csproj" />
  <Project Path="AStar.Dev.Source.Generators.Attributes/AStar.Dev.Source.Generators.Attributes.csproj" />
  <Project Path="AStar.Dev.Source.Generators.Tests.Unit/AStar.Dev.Source.Generators.Tests.Unit.csproj" />
  <Project Path="AStar.Dev.Source.Generators/AStar.Dev.Source.Generators.csproj" />
  <Project Path="AStar.Dev.Utilities.Tests.Unit/AStar.Dev.Utilities.Tests.Unit.csproj" />
  <Project Path="AStar.Dev.Utilities/AStar.Dev.Utilities.csproj" />
  <Project Path="AStar.Dev.Logging.Extensions/AStar.Dev.Logging.Extensions.csproj" />
  <Project Path="AStar.Dev.Wallpaper.Scraper.Tests.Unit/AStar.Dev.Wallpaper.Scraper.Tests.Unit.csproj" />
  <Project Path="AStar.Dev.Wallpaper.Scraper/AStar.Dev.Wallpaper.Scraper.csproj" />
</Solution>
